
Microsoft Visual Studio Solution File, Format Version 12.00
# Visual Studio Version 16
VisualStudioVersion = 16.0.29609.76
MinimumVisualStudioVersion = 10.0.40219.1
Project("{FAE04EC0-301F-11D3-BF4B-00C04F79EFBC}") = "09-BuiltInJsonSupport", "09-BuiltInJsonSupport\09-BuiltInJsonSupport.csproj", "{C4F1FFD4-EE66-4A7A-9E45-A79FE2B9F340}"
EndProject
Global
	GlobalSection(SolutionConfigurationPlatforms) = preSolution
		Debug|Any CPU = Debug|Any CPU
		Release|Any CPU = Release|Any CPU
	EndGlobalSection
	GlobalSection(ProjectConfigurationPlatforms) = postSolution
		{C4F1FFD4-EE66-4A7A-9E45-A79FE2B9F340}.Debug|Any CPU.ActiveCfg = Debug|Any CPU
		{C4F1FFD4-EE66-4A7A-9E45-A79FE2B9F340}.Debug|Any CPU.Build.0 = Debug|Any CPU
		{C4F1FFD4-EE66-4A7A-9E45-A79FE2B9F340}.Release|Any CPU.ActiveCfg = Release|Any CPU
		{C4F1FFD4-EE66-4A7A-9E45-A79FE2B9F340}.Release|Any CPU.Build.0 = Release|Any CPU
	EndGlobalSection
	GlobalSection(SolutionProperties) = preSolution
		HideSolutionNode = FALSE
	EndGlobalSection
	GlobalSection(ExtensibilityGlobals) = postSolution
		SolutionGuid = {7D8BF70A-CA76-482C-9A02-C9030ADF6A31}
	EndGlobalSection
EndGlobal
