
Microsoft Visual Studio Solution File, Format Version 12.00
# Visual Studio Version 16
VisualStudioVersion = 16.0.29609.76
MinimumVisualStudioVersion = 10.0.40219.1
Project("{FAE04EC0-301F-11D3-BF4B-00C04F79EFBC}") = "08-HardwareIntrinsics", "08-HardwareIntrinsics\08-HardwareIntrinsics.csproj", "{DA029B99-5961-4A30-89B4-3C481E880E43}"
EndProject
Global
	GlobalSection(SolutionConfigurationPlatforms) = preSolution
		Debug|Any CPU = Debug|Any CPU
		Release|Any CPU = Release|Any CPU
	EndGlobalSection
	GlobalSection(ProjectConfigurationPlatforms) = postSolution
		{DA029B99-5961-4A30-89B4-3C481E880E43}.Debug|Any CPU.ActiveCfg = Debug|Any CPU
		{DA029B99-5961-4A30-89B4-3C481E880E43}.Debug|Any CPU.Build.0 = Debug|Any CPU
		{DA029B99-5961-4A30-89B4-3C481E880E43}.Release|Any CPU.ActiveCfg = Release|Any CPU
		{DA029B99-5961-4A30-89B4-3C481E880E43}.Release|Any CPU.Build.0 = Release|Any CPU
	EndGlobalSection
	GlobalSection(SolutionProperties) = preSolution
		HideSolutionNode = FALSE
	EndGlobalSection
	GlobalSection(ExtensibilityGlobals) = postSolution
		SolutionGuid = {4CB099C9-0461-43F8-9164-0A358045609B}
	EndGlobalSection
EndGlobal
