
Microsoft Visual Studio Solution File, Format Version 12.00
# Visual Studio Version 16
VisualStudioVersion = 16.0.29609.76
MinimumVisualStudioVersion = 10.0.40219.1
Project("{FAE04EC0-301F-11D3-BF4B-00C04F79EFBC}") = "04-TieredCompilation", "04-TieredCompilation\04-TieredCompilation.csproj", "{26CB7ECD-61D0-4822-887A-5730F116B95E}"
EndProject
Global
	GlobalSection(SolutionConfigurationPlatforms) = preSolution
		Debug|Any CPU = Debug|Any CPU
		Release|Any CPU = Release|Any CPU
	EndGlobalSection
	GlobalSection(ProjectConfigurationPlatforms) = postSolution
		{26CB7ECD-61D0-4822-887A-5730F116B95E}.Debug|Any CPU.ActiveCfg = Debug|Any CPU
		{26CB7ECD-61D0-4822-887A-5730F116B95E}.Debug|Any CPU.Build.0 = Debug|Any CPU
		{26CB7ECD-61D0-4822-887A-5730F116B95E}.Release|Any CPU.ActiveCfg = Release|Any CPU
		{26CB7ECD-61D0-4822-887A-5730F116B95E}.Release|Any CPU.Build.0 = Release|Any CPU
	EndGlobalSection
	GlobalSection(SolutionProperties) = preSolution
		HideSolutionNode = FALSE
	EndGlobalSection
	GlobalSection(ExtensibilityGlobals) = postSolution
		SolutionGuid = {FFD58100-AB3C-4892-A7F3-87D89AF38579}
	EndGlobalSection
EndGlobal
