
Microsoft Visual Studio Solution File, Format Version 12.00
# Visual Studio Version 16
VisualStudioVersion = 16.0.29609.76
MinimumVisualStudioVersion = 10.0.40219.1
Project("{FAE04EC0-301F-11D3-BF4B-00C04F79EFBC}") = "10-gRPC.Server", "10-gRPC.Server\10-gRPC.Server.csproj", "{5304BCE9-7FF1-4ACC-AB8B-BEA7CD6A0C8D}"
EndProject
Project("{FAE04EC0-301F-11D3-BF4B-00C04F79EFBC}") = "10-gRPC.Client", "10-gRPC.Client\10-gRPC.Client.csproj", "{4B7C6E55-CB7B-4911-A942-B1CCB90AE842}"
EndProject
Global
	GlobalSection(SolutionConfigurationPlatforms) = preSolution
		Debug|Any CPU = Debug|Any CPU
		Release|Any CPU = Release|Any CPU
	EndGlobalSection
	GlobalSection(ProjectConfigurationPlatforms) = postSolution
		{5304BCE9-7FF1-4ACC-AB8B-BEA7CD6A0C8D}.Debug|Any CPU.ActiveCfg = Debug|Any CPU
		{5304BCE9-7FF1-4ACC-AB8B-BEA7CD6A0C8D}.Debug|Any CPU.Build.0 = Debug|Any CPU
		{5304BCE9-7FF1-4ACC-AB8B-BEA7CD6A0C8D}.Release|Any CPU.ActiveCfg = Release|Any CPU
		{5304BCE9-7FF1-4ACC-AB8B-BEA7CD6A0C8D}.Release|Any CPU.Build.0 = Release|Any CPU
		{4B7C6E55-CB7B-4911-A942-B1CCB90AE842}.Debug|Any CPU.ActiveCfg = Debug|Any CPU
		{4B7C6E55-CB7B-4911-A942-B1CCB90AE842}.Debug|Any CPU.Build.0 = Debug|Any CPU
		{4B7C6E55-CB7B-4911-A942-B1CCB90AE842}.Release|Any CPU.ActiveCfg = Release|Any CPU
		{4B7C6E55-CB7B-4911-A942-B1CCB90AE842}.Release|Any CPU.Build.0 = Release|Any CPU
	EndGlobalSection
	GlobalSection(SolutionProperties) = preSolution
		HideSolutionNode = FALSE
	EndGlobalSection
	GlobalSection(ExtensibilityGlobals) = postSolution
		SolutionGuid = {C28624B0-E5B4-4B8A-A4E0-8772F137464D}
	EndGlobalSection
EndGlobal
