
Microsoft Visual Studio Solution File, Format Version 12.00
# Visual Studio Version 16
VisualStudioVersion = 16.0.29609.76
MinimumVisualStudioVersion = 10.0.40219.1
Project("{FAE04EC0-301F-11D3-BF4B-00C04F79EFBC}") = "02-SingleFileExecutables", "02-SingleFileExecutables\02-SingleFileExecutables.csproj", "{D99E6E5A-73EC-4515-8B16-6A0B5B9FE9C1}"
EndProject
Global
	GlobalSection(SolutionConfigurationPlatforms) = preSolution
		Debug|Any CPU = Debug|Any CPU
		Release|Any CPU = Release|Any CPU
	EndGlobalSection
	GlobalSection(ProjectConfigurationPlatforms) = postSolution
		{D99E6E5A-73EC-4515-8B16-6A0B5B9FE9C1}.Debug|Any CPU.ActiveCfg = Debug|Any CPU
		{D99E6E5A-73EC-4515-8B16-6A0B5B9FE9C1}.Debug|Any CPU.Build.0 = Debug|Any CPU
		{D99E6E5A-73EC-4515-8B16-6A0B5B9FE9C1}.Release|Any CPU.ActiveCfg = Release|Any CPU
		{D99E6E5A-73EC-4515-8B16-6A0B5B9FE9C1}.Release|Any CPU.Build.0 = Release|Any CPU
	EndGlobalSection
	GlobalSection(SolutionProperties) = preSolution
		HideSolutionNode = FALSE
	EndGlobalSection
	GlobalSection(ExtensibilityGlobals) = postSolution
		SolutionGuid = {32F41A1C-EE5B-46D4-9FEF-9D1F34065ECF}
	EndGlobalSection
EndGlobal
